// !$*UTF8*$!
{
	archiveVersion = 1;
	classes = {
	};
	objectVersion = 50;
	objects = {

/* Begin PBXBuildFile section */
		C1326333229EF8D80021007F /* Harta.cpp in Sources */ = {isa = PBXBuildFile; fileRef = C1326331229EF8D80021007F /* Harta.cpp */; };
		C19DD5B0229C08EB009A44C8 /* main.cpp in Sources */ = {isa = PBXBuildFile; fileRef = C19DD5AF229C08EB009A44C8 /* main.cpp */; };
		C19DD5B7229C0903009A44C8 /* Autobuz.cpp in Sources */ = {isa = PBXBuildFile; fileRef = C19DD5B6229C0903009A44C8 /* Autobuz.cpp */; };
		C19DD5E0229C09A9009A44C8 /* Tests.cpp in Sources */ = {isa = PBXBuildFile; fileRef = C19DD5D9229C09A9009A44C8 /* Tests.cpp */; };
		C19DD5E1229C09A9009A44C8 /* Statie.cpp in Sources */ = {isa = PBXBuildFile; fileRef = C19DD5DC229C09A9009A44C8 /* Statie.cpp */; };
		C19DD5E2229C09A9009A44C8 /* RepoBilete.cpp in Sources */ = {isa = PBXBuildFile; fileRef = C19DD5DD229C09A9009A44C8 /* RepoBilete.cpp */; };
		C19DD5ED229C0AC3009A44C8 /* Orar.cpp in Sources */ = {isa = PBXBuildFile; fileRef = C19DD5E7229C0AC3009A44C8 /* Orar.cpp */; };
		C19DD5EE229C0AC3009A44C8 /* ClientLogat.cpp in Sources */ = {isa = PBXBuildFile; fileRef = C19DD5E8229C0AC3009A44C8 /* ClientLogat.cpp */; };
		C19DD5EF229C0AC3009A44C8 /* Ora.cpp in Sources */ = {isa = PBXBuildFile; fileRef = C19DD5EC229C0AC3009A44C8 /* Ora.cpp */; };
		C1B8804B229C1434008D20F5 /* Bilet.cpp in Sources */ = {isa = PBXBuildFile; fileRef = C1B8804A229C1434008D20F5 /* Bilet.cpp */; };
		C1B8804E229C1606008D20F5 /* Matrice.cpp in Sources */ = {isa = PBXBuildFile; fileRef = C1B8804D229C1606008D20F5 /* Matrice.cpp */; };
		C1B88054229C1685008D20F5 /* Card.cpp in Sources */ = {isa = PBXBuildFile; fileRef = C1B88051229C1684008D20F5 /* Card.cpp */; };
		C1B88055229C1685008D20F5 /* Client.cpp in Sources */ = {isa = PBXBuildFile; fileRef = C1B88053229C1685008D20F5 /* Client.cpp */; };
		C1B88059229C7A7C008D20F5 /* BazaDateClienti.cpp in Sources */ = {isa = PBXBuildFile; fileRef = C1B88058229C7A7C008D20F5 /* BazaDateClienti.cpp */; };
		C1B88064229D80B9008D20F5 /* BazaDateAuto.cpp in Sources */ = {isa = PBXBuildFile; fileRef = C1B88063229D80B9008D20F5 /* BazaDateAuto.cpp */; };
		C1B88090229D94F5008D20F5 /* Ctrl.cpp in Sources */ = {isa = PBXBuildFile; fileRef = C1B8808E229D94F5008D20F5 /* Ctrl.cpp */; };
		C1D6941F229EFC0A00AC26F0 /* Nod.cpp in Sources */ = {isa = PBXBuildFile; fileRef = C1D6941D229EFC0A00AC26F0 /* Nod.cpp */; };
		C1D69422229F077100AC26F0 /* UI.cpp in Sources */ = {isa = PBXBuildFile; fileRef = C1D69421229F077000AC26F0 /* UI.cpp */; };
/* End PBXBuildFile section */

/* Begin PBXCopyFilesBuildPhase section */
		C19DD5AA229C08EB009A44C8 /* CopyFiles */ = {
			isa = PBXCopyFilesBuildPhase;
			buildActionMask = 2147483647;
			dstPath = /usr/share/man/man1/;
			dstSubfolderSpec = 0;
			files = (
			);
			runOnlyForDeploymentPostprocessing = 1;
		};
/* End PBXCopyFilesBuildPhase section */

/* Begin PBXFileReference section */
		C1326331229EF8D80021007F /* Harta.cpp */ = {isa = PBXFileReference; lastKnownFileType = sourcecode.cpp.cpp; path = Harta.cpp; sourceTree = "<group>"; };
		C1326332229EF8D80021007F /* Harta.hpp */ = {isa = PBXFileReference; lastKnownFileType = sourcecode.cpp.h; path = Harta.hpp; sourceTree = "<group>"; };
		C19DD5AC229C08EB009A44C8 /* CTPCLUJ2 */ = {isa = PBXFileReference; explicitFileType = "compiled.mach-o.executable"; includeInIndex = 0; path = CTPCLUJ2; sourceTree = BUILT_PRODUCTS_DIR; };
		C19DD5AF229C08EB009A44C8 /* main.cpp */ = {isa = PBXFileReference; lastKnownFileType = sourcecode.cpp.cpp; path = main.cpp; sourceTree = "<group>"; };
		C19DD5B6229C0903009A44C8 /* Autobuz.cpp */ = {isa = PBXFileReference; fileEncoding = 4; lastKnownFileType = sourcecode.cpp.cpp; path = Autobuz.cpp; sourceTree = "<group>"; };
		C19DD5D8229C09A9009A44C8 /* Statie.hpp */ = {isa = PBXFileReference; fileEncoding = 4; lastKnownFileType = sourcecode.cpp.h; path = Statie.hpp; sourceTree = "<group>"; };
		C19DD5D9229C09A9009A44C8 /* Tests.cpp */ = {isa = PBXFileReference; fileEncoding = 4; lastKnownFileType = sourcecode.cpp.cpp; path = Tests.cpp; sourceTree = "<group>"; };
		C19DD5DA229C09A9009A44C8 /* Tests.hpp */ = {isa = PBXFileReference; fileEncoding = 4; lastKnownFileType = sourcecode.cpp.h; path = Tests.hpp; sourceTree = "<group>"; };
		C19DD5DB229C09A9009A44C8 /* RepoBilete.h */ = {isa = PBXFileReference; fileEncoding = 4; lastKnownFileType = sourcecode.c.h; path = RepoBilete.h; sourceTree = "<group>"; };
		C19DD5DC229C09A9009A44C8 /* Statie.cpp */ = {isa = PBXFileReference; fileEncoding = 4; lastKnownFileType = sourcecode.cpp.cpp; path = Statie.cpp; sourceTree = "<group>"; };
		C19DD5DD229C09A9009A44C8 /* RepoBilete.cpp */ = {isa = PBXFileReference; fileEncoding = 4; lastKnownFileType = sourcecode.cpp.cpp; path = RepoBilete.cpp; sourceTree = "<group>"; };
		C19DD5DF229C09A9009A44C8 /* Repo.h */ = {isa = PBXFileReference; fileEncoding = 4; lastKnownFileType = sourcecode.c.h; path = Repo.h; sourceTree = "<group>"; };
		C19DD5E7229C0AC3009A44C8 /* Orar.cpp */ = {isa = PBXFileReference; fileEncoding = 4; lastKnownFileType = sourcecode.cpp.cpp; path = Orar.cpp; sourceTree = "<group>"; };
		C19DD5E8229C0AC3009A44C8 /* ClientLogat.cpp */ = {isa = PBXFileReference; fileEncoding = 4; lastKnownFileType = sourcecode.cpp.cpp; path = ClientLogat.cpp; sourceTree = "<group>"; };
		C19DD5E9229C0AC3009A44C8 /* Orar.hpp */ = {isa = PBXFileReference; fileEncoding = 4; lastKnownFileType = sourcecode.cpp.h; path = Orar.hpp; sourceTree = "<group>"; };
		C19DD5EA229C0AC3009A44C8 /* Autobuz.h */ = {isa = PBXFileReference; fileEncoding = 4; lastKnownFileType = sourcecode.c.h; path = Autobuz.h; sourceTree = "<group>"; };
		C19DD5EB229C0AC3009A44C8 /* Ora.hpp */ = {isa = PBXFileReference; fileEncoding = 4; lastKnownFileType = sourcecode.cpp.h; path = Ora.hpp; sourceTree = "<group>"; };
		C19DD5EC229C0AC3009A44C8 /* Ora.cpp */ = {isa = PBXFileReference; fileEncoding = 4; lastKnownFileType = sourcecode.cpp.cpp; path = Ora.cpp; sourceTree = "<group>"; };
		C1B88049229C1415008D20F5 /* Bilet.h */ = {isa = PBXFileReference; fileEncoding = 4; lastKnownFileType = sourcecode.c.h; path = Bilet.h; sourceTree = "<group>"; };
		C1B8804A229C1434008D20F5 /* Bilet.cpp */ = {isa = PBXFileReference; fileEncoding = 4; lastKnownFileType = sourcecode.cpp.cpp; path = Bilet.cpp; sourceTree = "<group>"; };
		C1B8804C229C15F3008D20F5 /* Matrice.hpp */ = {isa = PBXFileReference; fileEncoding = 4; lastKnownFileType = sourcecode.cpp.h; path = Matrice.hpp; sourceTree = "<group>"; };
		C1B8804D229C1606008D20F5 /* Matrice.cpp */ = {isa = PBXFileReference; fileEncoding = 4; lastKnownFileType = sourcecode.cpp.cpp; path = Matrice.cpp; sourceTree = "<group>"; };
		C1B8804F229C1648008D20F5 /* ClientLogat.hpp */ = {isa = PBXFileReference; fileEncoding = 4; lastKnownFileType = sourcecode.cpp.h; path = ClientLogat.hpp; sourceTree = "<group>"; };
		C1B88051229C1684008D20F5 /* Card.cpp */ = {isa = PBXFileReference; fileEncoding = 4; lastKnownFileType = sourcecode.cpp.cpp; path = Card.cpp; sourceTree = "<group>"; };
		C1B88052229C1685008D20F5 /* Card.h */ = {isa = PBXFileReference; fileEncoding = 4; lastKnownFileType = sourcecode.c.h; path = Card.h; sourceTree = "<group>"; };
		C1B88053229C1685008D20F5 /* Client.cpp */ = {isa = PBXFileReference; fileEncoding = 4; lastKnownFileType = sourcecode.cpp.cpp; path = Client.cpp; sourceTree = "<group>"; };
		C1B88056229C2BDF008D20F5 /* Client.h */ = {isa = PBXFileReference; fileEncoding = 4; lastKnownFileType = sourcecode.c.h; path = Client.h; sourceTree = "<group>"; };
		C1B88057229C7A74008D20F5 /* BazaDateClienti.h */ = {isa = PBXFileReference; fileEncoding = 4; lastKnownFileType = sourcecode.c.h; path = BazaDateClienti.h; sourceTree = "<group>"; };
		C1B88058229C7A7C008D20F5 /* BazaDateClienti.cpp */ = {isa = PBXFileReference; fileEncoding = 4; lastKnownFileType = sourcecode.cpp.cpp; path = BazaDateClienti.cpp; sourceTree = "<group>"; };
		C1B88062229D80B6008D20F5 /* BazaDateAuto.hpp */ = {isa = PBXFileReference; lastKnownFileType = sourcecode.cpp.h; name = BazaDateAuto.hpp; path = "/Users/mariangeorge/Documents/Xcode:C++/CTPCLUJ2/CTPCLUJ2/BazaDateAuto.hpp"; sourceTree = "<absolute>"; };
		C1B88063229D80B9008D20F5 /* BazaDateAuto.cpp */ = {isa = PBXFileReference; lastKnownFileType = sourcecode.cpp.cpp; name = BazaDateAuto.cpp; path = "/Users/mariangeorge/Documents/Xcode:C++/CTPCLUJ2/CTPCLUJ2/BazaDateAuto.cpp"; sourceTree = "<absolute>"; };
		C1B8808E229D94F5008D20F5 /* Ctrl.cpp */ = {isa = PBXFileReference; lastKnownFileType = sourcecode.cpp.cpp; path = Ctrl.cpp; sourceTree = "<group>"; };
		C1B8808F229D94F5008D20F5 /* Ctrl.hpp */ = {isa = PBXFileReference; lastKnownFileType = sourcecode.cpp.h; path = Ctrl.hpp; sourceTree = "<group>"; };
		C1B88091229DA3B7008D20F5 /* BazaDateAutobuze.txt */ = {isa = PBXFileReference; fileEncoding = 4; lastKnownFileType = text; path = BazaDateAutobuze.txt; sourceTree = "<group>"; };
		C1D6941D229EFC0A00AC26F0 /* Nod.cpp */ = {isa = PBXFileReference; lastKnownFileType = sourcecode.cpp.cpp; path = Nod.cpp; sourceTree = "<group>"; };
		C1D6941E229EFC0A00AC26F0 /* Nod.hpp */ = {isa = PBXFileReference; lastKnownFileType = sourcecode.cpp.h; path = Nod.hpp; sourceTree = "<group>"; };
		C1D69420229F077000AC26F0 /* UI.h */ = {isa = PBXFileReference; fileEncoding = 4; lastKnownFileType = sourcecode.c.h; path = UI.h; sourceTree = "<group>"; };
		C1D69421229F077000AC26F0 /* UI.cpp */ = {isa = PBXFileReference; fileEncoding = 4; lastKnownFileType = sourcecode.cpp.cpp; path = UI.cpp; sourceTree = "<group>"; };
/* End PBXFileReference section */

/* Begin PBXFrameworksBuildPhase section */
		C19DD5A9229C08EB009A44C8 /* Frameworks */ = {
			isa = PBXFrameworksBuildPhase;
			buildActionMask = 2147483647;
			files = (
			);
			runOnlyForDeploymentPostprocessing = 0;
		};
/* End PBXFrameworksBuildPhase section */

/* Begin PBXGroup section */
		C19DD5A3229C08EB009A44C8 = {
			isa = PBXGroup;
			children = (
				C19DD5AE229C08EB009A44C8 /* CTPCLUJ2 */,
				C19DD5AD229C08EB009A44C8 /* Products */,
			);
			sourceTree = "<group>";
		};
		C19DD5AD229C08EB009A44C8 /* Products */ = {
			isa = PBXGroup;
			children = (
				C19DD5AC229C08EB009A44C8 /* CTPCLUJ2 */,
			);
			name = Products;
			sourceTree = "<group>";
		};
		C19DD5AE229C08EB009A44C8 /* CTPCLUJ2 */ = {
			isa = PBXGroup;
			children = (
				C19DD5B6229C0903009A44C8 /* Autobuz.cpp */,
				C19DD5EA229C0AC3009A44C8 /* Autobuz.h */,
				C1B88063229D80B9008D20F5 /* BazaDateAuto.cpp */,
				C1B88062229D80B6008D20F5 /* BazaDateAuto.hpp */,
				C1B88091229DA3B7008D20F5 /* BazaDateAutobuze.txt */,
				C1B88058229C7A7C008D20F5 /* BazaDateClienti.cpp */,
				C1B88057229C7A74008D20F5 /* BazaDateClienti.h */,
				C1B8804A229C1434008D20F5 /* Bilet.cpp */,
				C1B88049229C1415008D20F5 /* Bilet.h */,
				C1B88051229C1684008D20F5 /* Card.cpp */,
				C1B88052229C1685008D20F5 /* Card.h */,
				C1B88053229C1685008D20F5 /* Client.cpp */,
				C1B88056229C2BDF008D20F5 /* Client.h */,
				C19DD5E8229C0AC3009A44C8 /* ClientLogat.cpp */,
				C1B8804F229C1648008D20F5 /* ClientLogat.hpp */,
				C1B8808E229D94F5008D20F5 /* Ctrl.cpp */,
				C1B8808F229D94F5008D20F5 /* Ctrl.hpp */,
				C1326331229EF8D80021007F /* Harta.cpp */,
				C1326332229EF8D80021007F /* Harta.hpp */,
				C19DD5AF229C08EB009A44C8 /* main.cpp */,
				C1B8804D229C1606008D20F5 /* Matrice.cpp */,
				C1B8804C229C15F3008D20F5 /* Matrice.hpp */,
				C1D6941D229EFC0A00AC26F0 /* Nod.cpp */,
				C1D6941E229EFC0A00AC26F0 /* Nod.hpp */,
				C19DD5EC229C0AC3009A44C8 /* Ora.cpp */,
				C19DD5EB229C0AC3009A44C8 /* Ora.hpp */,
				C19DD5E7229C0AC3009A44C8 /* Orar.cpp */,
				C19DD5E9229C0AC3009A44C8 /* Orar.hpp */,
				C19DD5DF229C09A9009A44C8 /* Repo.h */,
				C19DD5DD229C09A9009A44C8 /* RepoBilete.cpp */,
				C19DD5DB229C09A9009A44C8 /* RepoBilete.h */,
				C19DD5DC229C09A9009A44C8 /* Statie.cpp */,
				C19DD5D8229C09A9009A44C8 /* Statie.hpp */,
				C19DD5D9229C09A9009A44C8 /* Tests.cpp */,
				C1D69421229F077000AC26F0 /* UI.cpp */,
				C1D69420229F077000AC26F0 /* UI.h */,
				C19DD5DA229C09A9009A44C8 /* Tests.hpp */,
			);
			path = CTPCLUJ2;
			sourceTree = "<group>";
		};
/* End PBXGroup section */

/* Begin PBXNativeTarget section */
		C19DD5AB229C08EB009A44C8 /* CTPCLUJ2 */ = {
			isa = PBXNativeTarget;
			buildConfigurationList = C19DD5B3229C08EB009A44C8 /* Build configuration list for PBXNativeTarget "CTPCLUJ2" */;
			buildPhases = (
				C19DD5A8229C08EB009A44C8 /* Sources */,
				C19DD5A9229C08EB009A44C8 /* Frameworks */,
				C19DD5AA229C08EB009A44C8 /* CopyFiles */,
			);
			buildRules = (
			);
			dependencies = (
			);
			name = CTPCLUJ2;
			productName = CTPCLUJ2;
			productReference = C19DD5AC229C08EB009A44C8 /* CTPCLUJ2 */;
			productType = "com.apple.product-type.tool";
		};
/* End PBXNativeTarget section */

/* Begin PBXProject section */
		C19DD5A4229C08EB009A44C8 /* Project object */ = {
			isa = PBXProject;
			attributes = {
				LastUpgradeCheck = 1020;
				ORGANIZATIONNAME = "Marian George";
				TargetAttributes = {
					C19DD5AB229C08EB009A44C8 = {
						CreatedOnToolsVersion = 10.2.1;
					};
				};
			};
			buildConfigurationList = C19DD5A7229C08EB009A44C8 /* Build configuration list for PBXProject "CTPCLUJ2" */;
			compatibilityVersion = "Xcode 9.3";
			developmentRegion = en;
			hasScannedForEncodings = 0;
			knownRegions = (
				en,
			);
			mainGroup = C19DD5A3229C08EB009A44C8;
			productRefGroup = C19DD5AD229C08EB009A44C8 /* Products */;
			projectDirPath = "";
			projectRoot = "";
			targets = (
				C19DD5AB229C08EB009A44C8 /* CTPCLUJ2 */,
			);
		};
/* End PBXProject section */

/* Begin PBXSourcesBuildPhase section */
		C19DD5A8229C08EB009A44C8 /* Sources */ = {
			isa = PBXSourcesBuildPhase;
			buildActionMask = 2147483647;
			files = (
				C19DD5E1229C09A9009A44C8 /* Statie.cpp in Sources */,
				C19DD5E2229C09A9009A44C8 /* RepoBilete.cpp in Sources */,
				C19DD5EE229C0AC3009A44C8 /* ClientLogat.cpp in Sources */,
				C19DD5B7229C0903009A44C8 /* Autobuz.cpp in Sources */,
				C1D6941F229EFC0A00AC26F0 /* Nod.cpp in Sources */,
				C19DD5EF229C0AC3009A44C8 /* Ora.cpp in Sources */,
				C1B8804B229C1434008D20F5 /* Bilet.cpp in Sources */,
				C1D69422229F077100AC26F0 /* UI.cpp in Sources */,
				C19DD5E0229C09A9009A44C8 /* Tests.cpp in Sources */,
				C1B88064229D80B9008D20F5 /* BazaDateAuto.cpp in Sources */,
				C1B8804E229C1606008D20F5 /* Matrice.cpp in Sources */,
				C1B88090229D94F5008D20F5 /* Ctrl.cpp in Sources */,
				C1326333229EF8D80021007F /* Harta.cpp in Sources */,
				C19DD5B0229C08EB009A44C8 /* main.cpp in Sources */,
				C19DD5ED229C0AC3009A44C8 /* Orar.cpp in Sources */,
				C1B88055229C1685008D20F5 /* Client.cpp in Sources */,
				C1B88054229C1685008D20F5 /* Card.cpp in Sources */,
				C1B88059229C7A7C008D20F5 /* BazaDateClienti.cpp in Sources */,
			);
			runOnlyForDeploymentPostprocessing = 0;
		};
/* End PBXSourcesBuildPhase section */

/* Begin XCBuildConfiguration section */
		C19DD5B1229C08EB009A44C8 /* Debug */ = {
			isa = XCBuildConfiguration;
			buildSettings = {
				ALWAYS_SEARCH_USER_PATHS = NO;
				CLANG_ANALYZER_NONNULL = YES;
				CLANG_ANALYZER_NUMBER_OBJECT_CONVERSION = YES_AGGRESSIVE;
				CLANG_CXX_LANGUAGE_STANDARD = "gnu++14";
				CLANG_CXX_LIBRARY = "libc++";
				CLANG_ENABLE_MODULES = YES;
				CLANG_ENABLE_OBJC_ARC = YES;
				CLANG_ENABLE_OBJC_WEAK = YES;
				CLANG_WARN_BLOCK_CAPTURE_AUTORELEASING = YES;
				CLANG_WARN_BOOL_CONVERSION = YES;
				CLANG_WARN_COMMA = YES;
				CLANG_WARN_CONSTANT_CONVERSION = YES;
				CLANG_WARN_DEPRECATED_OBJC_IMPLEMENTATIONS = YES;
				CLANG_WARN_DIRECT_OBJC_ISA_USAGE = YES_ERROR;
				CLANG_WARN_DOCUMENTATION_COMMENTS = YES;
				CLANG_WARN_EMPTY_BODY = YES;
				CLANG_WARN_ENUM_CONVERSION = YES;
				CLANG_WARN_INFINITE_RECURSION = YES;
				CLANG_WARN_INT_CONVERSION = YES;
				CLANG_WARN_NON_LITERAL_NULL_CONVERSION = YES;
				CLANG_WARN_OBJC_IMPLICIT_RETAIN_SELF = YES;
				CLANG_WARN_OBJC_LITERAL_CONVERSION = YES;
				CLANG_WARN_OBJC_ROOT_CLASS = YES_ERROR;
				CLANG_WARN_RANGE_LOOP_ANALYSIS = YES;
				CLANG_WARN_STRICT_PROTOTYPES = YES;
				CLANG_WARN_SUSPICIOUS_MOVE = YES;
				CLANG_WARN_UNGUARDED_AVAILABILITY = YES_AGGRESSIVE;
				CLANG_WARN_UNREACHABLE_CODE = YES;
				CLANG_WARN__DUPLICATE_METHOD_MATCH = YES;
				CODE_SIGN_IDENTITY = "-";
				COPY_PHASE_STRIP = NO;
				DEBUG_INFORMATION_FORMAT = dwarf;
				ENABLE_STRICT_OBJC_MSGSEND = YES;
				ENABLE_TESTABILITY = YES;
				GCC_C_LANGUAGE_STANDARD = gnu11;
				GCC_DYNAMIC_NO_PIC = NO;
				GCC_NO_COMMON_BLOCKS = YES;
				GCC_OPTIMIZATION_LEVEL = 0;
				GCC_PREPROCESSOR_DEFINITIONS = (
					"DEBUG=1",
					"$(inherited)",
				);
				GCC_WARN_64_TO_32_BIT_CONVERSION = YES;
				GCC_WARN_ABOUT_RETURN_TYPE = YES_ERROR;
				GCC_WARN_UNDECLARED_SELECTOR = YES;
				GCC_WARN_UNINITIALIZED_AUTOS = YES_AGGRESSIVE;
				GCC_WARN_UNUSED_FUNCTION = YES;
				GCC_WARN_UNUSED_VARIABLE = YES;
				MACOSX_DEPLOYMENT_TARGET = 10.14;
				MTL_ENABLE_DEBUG_INFO = INCLUDE_SOURCE;
				MTL_FAST_MATH = YES;
				ONLY_ACTIVE_ARCH = YES;
				SDKROOT = macosx;
			};
			name = Debug;
		};
		C19DD5B2229C08EB009A44C8 /* Release */ = {
			isa = XCBuildConfiguration;
			buildSettings = {
				ALWAYS_SEARCH_USER_PATHS = NO;
				CLANG_ANALYZER_NONNULL = YES;
				CLANG_ANALYZER_NUMBER_OBJECT_CONVERSION = YES_AGGRESSIVE;
				CLANG_CXX_LANGUAGE_STANDARD = "gnu++14";
				CLANG_CXX_LIBRARY = "libc++";
				CLANG_ENABLE_MODULES = YES;
				CLANG_ENABLE_OBJC_ARC = YES;
				CLANG_ENABLE_OBJC_WEAK = YES;
				CLANG_WARN_BLOCK_CAPTURE_AUTORELEASING = YES;
				CLANG_WARN_BOOL_CONVERSION = YES;
				CLANG_WARN_COMMA = YES;
				CLANG_WARN_CONSTANT_CONVERSION = YES;
				CLANG_WARN_DEPRECATED_OBJC_IMPLEMENTATIONS = YES;
				CLANG_WARN_DIRECT_OBJC_ISA_USAGE = YES_ERROR;
				CLANG_WARN_DOCUMENTATION_COMMENTS = YES;
				CLANG_WARN_EMPTY_BODY = YES;
				CLANG_WARN_ENUM_CONVERSION = YES;
				CLANG_WARN_INFINITE_RECURSION = YES;
				CLANG_WARN_INT_CONVERSION = YES;
				CLANG_WARN_NON_LITERAL_NULL_CONVERSION = YES;
				CLANG_WARN_OBJC_IMPLICIT_RETAIN_SELF = YES;
				CLANG_WARN_OBJC_LITERAL_CONVERSION = YES;
				CLANG_WARN_OBJC_ROOT_CLASS = YES_ERROR;
				CLANG_WARN_RANGE_LOOP_ANALYSIS = YES;
				CLANG_WARN_STRICT_PROTOTYPES = YES;
				CLANG_WARN_SUSPICIOUS_MOVE = YES;
				CLANG_WARN_UNGUARDED_AVAILABILITY = YES_AGGRESSIVE;
				CLANG_WARN_UNREACHABLE_CODE = YES;
				CLANG_WARN__DUPLICATE_METHOD_MATCH = YES;
				CODE_SIGN_IDENTITY = "-";
				COPY_PHASE_STRIP = NO;
				DEBUG_INFORMATION_FORMAT = "dwarf-with-dsym";
				ENABLE_NS_ASSERTIONS = NO;
				ENABLE_STRICT_OBJC_MSGSEND = YES;
				GCC_C_LANGUAGE_STANDARD = gnu11;
				GCC_NO_COMMON_BLOCKS = YES;
				GCC_WARN_64_TO_32_BIT_CONVERSION = YES;
				GCC_WARN_ABOUT_RETURN_TYPE = YES_ERROR;
				GCC_WARN_UNDECLARED_SELECTOR = YES;
				GCC_WARN_UNINITIALIZED_AUTOS = YES_AGGRESSIVE;
				GCC_WARN_UNUSED_FUNCTION = YES;
				GCC_WARN_UNUSED_VARIABLE = YES;
				MACOSX_DEPLOYMENT_TARGET = 10.14;
				MTL_ENABLE_DEBUG_INFO = NO;
				MTL_FAST_MATH = YES;
				SDKROOT = macosx;
			};
			name = Release;
		};
		C19DD5B4229C08EB009A44C8 /* Debug */ = {
			isa = XCBuildConfiguration;
			buildSettings = {
				CODE_SIGN_STYLE = Automatic;
				PRODUCT_NAME = "$(TARGET_NAME)";
			};
			name = Debug;
		};
		C19DD5B5229C08EB009A44C8 /* Release */ = {
			isa = XCBuildConfiguration;
			buildSettings = {
				CODE_SIGN_STYLE = Automatic;
				PRODUCT_NAME = "$(TARGET_NAME)";
			};
			name = Release;
		};
/* End XCBuildConfiguration section */

/* Begin XCConfigurationList section */
		C19DD5A7229C08EB009A44C8 /* Build configuration list for PBXProject "CTPCLUJ2" */ = {
			isa = XCConfigurationList;
			buildConfigurations = (
				C19DD5B1229C08EB009A44C8 /* Debug */,
				C19DD5B2229C08EB009A44C8 /* Release */,
			);
			defaultConfigurationIsVisible = 0;
			defaultConfigurationName = Release;
		};
		C19DD5B3229C08EB009A44C8 /* Build configuration list for PBXNativeTarget "CTPCLUJ2" */ = {
			isa = XCConfigurationList;
			buildConfigurations = (
				C19DD5B4229C08EB009A44C8 /* Debug */,
				C19DD5B5229C08EB009A44C8 /* Release */,
			);
			defaultConfigurationIsVisible = 0;
			defaultConfigurationName = Release;
		};
/* End XCConfigurationList section */
	};
	rootObject = C19DD5A4229C08EB009A44C8 /* Project object */;
}
